
Microsoft Visual Studio Solution File, Format Version 12.00
# Visual Studio Version 16
VisualStudioVersion = 16.0.31005.135
MinimumVisualStudioVersion = 10.0.40219.1
Project("{FAE04EC0-301F-11D3-BF4B-00C04F79EFBC}") = "DotNetFramework_Algorithm_Chart_Start", "DotNetFramework_Algorithm_Chart_Start\DotNetFramework_Algorithm_Chart_Start.csproj", "{918DF8D4-233B-4694-B353-B8F5F9F233F7}"
EndProject
Global
	GlobalSection(SolutionConfigurationPlatforms) = preSolution
		Debug|Any CPU = Debug|Any CPU
		Release|Any CPU = Release|Any CPU
	EndGlobalSection
	GlobalSection(ProjectConfigurationPlatforms) = postSolution
		{918DF8D4-233B-4694-B353-B8F5F9F233F7}.Debug|Any CPU.ActiveCfg = Debug|Any CPU
		{918DF8D4-233B-4694-B353-B8F5F9F233F7}.Debug|Any CPU.Build.0 = Debug|Any CPU
		{918DF8D4-233B-4694-B353-B8F5F9F233F7}.Release|Any CPU.ActiveCfg = Release|Any CPU
		{918DF8D4-233B-4694-B353-B8F5F9F233F7}.Release|Any CPU.Build.0 = Release|Any CPU
	EndGlobalSection
	GlobalSection(SolutionProperties) = preSolution
		HideSolutionNode = FALSE
	EndGlobalSection
	GlobalSection(ExtensibilityGlobals) = postSolution
		SolutionGuid = {E3945A3F-101D-4D21-B265-FBB81FC8964B}
	EndGlobalSection
EndGlobal
